{
  "name": "win32ole",
  "version": "1.0.0",
  "lockfileVersion": 1,
  "requires": true,
  "dependencies": {
    "winax": {
      "version": "3.1.4",
      "resolved": "https://registry.npmjs.org/winax/-/winax-3.1.4.tgz",
      "integrity": "sha512-iwVEaWV+LkZAxr2RFBK7CKUp7CXsfLX1lNggYgJnS2NQABRK7oW5Vky37YZ3j4ZzcTkBhYFYb6td4eRUuCSq1w=="
    }
  }
}
